
Microsoft Visual Studio Solution File, Format Version 12.00
# Visual Studio Version 17
VisualStudioVersion = 17.0.32014.148
MinimumVisualStudioVersion = 10.0.40219.1
Project("{8BC9CEB8-8B4A-11D0-8D11-00A0C91BC942}") = "Лабораторная работа №3 (Вариант №13)", "Лабораторная работа №3 (Вариант №13)\Лабораторная работа №3 (Вариант №13).vcxproj", "{0ECE5410-DE3B-479F-9E68-6ECB7E99406B}"
EndProject
Global
	GlobalSection(SolutionConfigurationPlatforms) = preSolution
		Debug|x64 = Debug|x64
		Debug|x86 = Debug|x86
		Release|x64 = Release|x64
		Release|x86 = Release|x86
	EndGlobalSection
	GlobalSection(ProjectConfigurationPlatforms) = postSolution
		{0ECE5410-DE3B-479F-9E68-6ECB7E99406B}.Debug|x64.ActiveCfg = Debug|x64
		{0ECE5410-DE3B-479F-9E68-6ECB7E99406B}.Debug|x64.Build.0 = Debug|x64
		{0ECE5410-DE3B-479F-9E68-6ECB7E99406B}.Debug|x86.ActiveCfg = Debug|Win32
		{0ECE5410-DE3B-479F-9E68-6ECB7E99406B}.Debug|x86.Build.0 = Debug|Win32
		{0ECE5410-DE3B-479F-9E68-6ECB7E99406B}.Release|x64.ActiveCfg = Release|x64
		{0ECE5410-DE3B-479F-9E68-6ECB7E99406B}.Release|x64.Build.0 = Release|x64
		{0ECE5410-DE3B-479F-9E68-6ECB7E99406B}.Release|x86.ActiveCfg = Release|Win32
		{0ECE5410-DE3B-479F-9E68-6ECB7E99406B}.Release|x86.Build.0 = Release|Win32
	EndGlobalSection
	GlobalSection(SolutionProperties) = preSolution
		HideSolutionNode = FALSE
	EndGlobalSection
	GlobalSection(ExtensibilityGlobals) = postSolution
		SolutionGuid = {677E4684-5AC3-43C2-8403-933C5C4E651F}
	EndGlobalSection
EndGlobal
