
Microsoft Visual Studio Solution File, Format Version 12.00
# Visual Studio Version 17
VisualStudioVersion = 17.0.32014.148
MinimumVisualStudioVersion = 10.0.40219.1
Project("{8BC9CEB8-8B4A-11D0-8D11-00A0C91BC942}") = "Лабораторная №8 (Вариант №14)", "Лабораторная №8 (Вариант №14)\Лабораторная №8 (Вариант №14).vcxproj", "{3364460E-2AA0-47EB-8636-A703427EAB01}"
EndProject
Global
	GlobalSection(SolutionConfigurationPlatforms) = preSolution
		Debug|x64 = Debug|x64
		Debug|x86 = Debug|x86
		Release|x64 = Release|x64
		Release|x86 = Release|x86
	EndGlobalSection
	GlobalSection(ProjectConfigurationPlatforms) = postSolution
		{3364460E-2AA0-47EB-8636-A703427EAB01}.Debug|x64.ActiveCfg = Debug|x64
		{3364460E-2AA0-47EB-8636-A703427EAB01}.Debug|x64.Build.0 = Debug|x64
		{3364460E-2AA0-47EB-8636-A703427EAB01}.Debug|x86.ActiveCfg = Debug|Win32
		{3364460E-2AA0-47EB-8636-A703427EAB01}.Debug|x86.Build.0 = Debug|Win32
		{3364460E-2AA0-47EB-8636-A703427EAB01}.Release|x64.ActiveCfg = Release|x64
		{3364460E-2AA0-47EB-8636-A703427EAB01}.Release|x64.Build.0 = Release|x64
		{3364460E-2AA0-47EB-8636-A703427EAB01}.Release|x86.ActiveCfg = Release|Win32
		{3364460E-2AA0-47EB-8636-A703427EAB01}.Release|x86.Build.0 = Release|Win32
	EndGlobalSection
	GlobalSection(SolutionProperties) = preSolution
		HideSolutionNode = FALSE
	EndGlobalSection
	GlobalSection(ExtensibilityGlobals) = postSolution
		SolutionGuid = {F24E8517-A58B-4BCA-8E8E-BEBBC6685D43}
	EndGlobalSection
EndGlobal
